
Microsoft Visual Studio Solution File, Format Version 12.00
# Visual Studio Version 17
VisualStudioVersion = 17.5.33516.290
MinimumVisualStudioVersion = 10.0.40219.1
Project("{FAE04EC0-301F-11D3-BF4B-00C04F79EFBC}") = "Lecture5_Lambdas", "Lecture5_Lambdas\Lecture5_Lambdas.csproj", "{FBCE1EFD-D044-4C94-BDA3-EAA64E0F2673}"
EndProject
Global
	GlobalSection(SolutionConfigurationPlatforms) = preSolution
		Debug|Any CPU = Debug|Any CPU
		Release|Any CPU = Release|Any CPU
	EndGlobalSection
	GlobalSection(ProjectConfigurationPlatforms) = postSolution
		{FBCE1EFD-D044-4C94-BDA3-EAA64E0F2673}.Debug|Any CPU.ActiveCfg = Debug|Any CPU
		{FBCE1EFD-D044-4C94-BDA3-EAA64E0F2673}.Debug|Any CPU.Build.0 = Debug|Any CPU
		{FBCE1EFD-D044-4C94-BDA3-EAA64E0F2673}.Release|Any CPU.ActiveCfg = Release|Any CPU
		{FBCE1EFD-D044-4C94-BDA3-EAA64E0F2673}.Release|Any CPU.Build.0 = Release|Any CPU
	EndGlobalSection
	GlobalSection(SolutionProperties) = preSolution
		HideSolutionNode = FALSE
	EndGlobalSection
	GlobalSection(ExtensibilityGlobals) = postSolution
		SolutionGuid = {DA2340BD-3D5A-46B1-9791-82D76BD43C44}
	EndGlobalSection
EndGlobal
